
Microsoft Visual Studio Solution File, Format Version 12.00
# Visual Studio Version 16
VisualStudioVersion = 16.0.29215.179
MinimumVisualStudioVersion = 10.0.40219.1
Project("{FAE04EC0-301F-11D3-BF4B-00C04F79EFBC}") = "BmiCalculatorApp", "BmiCalculatorApp\BmiCalculatorApp.csproj", "{FD3105FE-56D0-40F3-BA1F-E6335989680C}"
EndProject
Global
	GlobalSection(SolutionConfigurationPlatforms) = preSolution
		Debug|Any CPU = Debug|Any CPU
		Release|Any CPU = Release|Any CPU
	EndGlobalSection
	GlobalSection(ProjectConfigurationPlatforms) = postSolution
		{FD3105FE-56D0-40F3-BA1F-E6335989680C}.Debug|Any CPU.ActiveCfg = Debug|Any CPU
		{FD3105FE-56D0-40F3-BA1F-E6335989680C}.Debug|Any CPU.Build.0 = Debug|Any CPU
		{FD3105FE-56D0-40F3-BA1F-E6335989680C}.Release|Any CPU.ActiveCfg = Release|Any CPU
		{FD3105FE-56D0-40F3-BA1F-E6335989680C}.Release|Any CPU.Build.0 = Release|Any CPU
	EndGlobalSection
	GlobalSection(SolutionProperties) = preSolution
		HideSolutionNode = FALSE
	EndGlobalSection
	GlobalSection(ExtensibilityGlobals) = postSolution
		SolutionGuid = {D6721107-53FB-4E2C-BA6B-5292B8E4B6AB}
	EndGlobalSection
EndGlobal
