
Microsoft Visual Studio Solution File, Format Version 12.00
# Visual Studio Version 16
VisualStudioVersion = 16.0.29215.179
MinimumVisualStudioVersion = 10.0.40219.1
Project("{FAE04EC0-301F-11D3-BF4B-00C04F79EFBC}") = "AbstractionProgram", "AbstractionProgram\AbstractionProgram.csproj", "{F1E72033-C2EE-4346-B324-74E100798033}"
EndProject
Global
	GlobalSection(SolutionConfigurationPlatforms) = preSolution
		Debug|Any CPU = Debug|Any CPU
		Release|Any CPU = Release|Any CPU
	EndGlobalSection
	GlobalSection(ProjectConfigurationPlatforms) = postSolution
		{F1E72033-C2EE-4346-B324-74E100798033}.Debug|Any CPU.ActiveCfg = Debug|Any CPU
		{F1E72033-C2EE-4346-B324-74E100798033}.Debug|Any CPU.Build.0 = Debug|Any CPU
		{F1E72033-C2EE-4346-B324-74E100798033}.Release|Any CPU.ActiveCfg = Release|Any CPU
		{F1E72033-C2EE-4346-B324-74E100798033}.Release|Any CPU.Build.0 = Release|Any CPU
	EndGlobalSection
	GlobalSection(SolutionProperties) = preSolution
		HideSolutionNode = FALSE
	EndGlobalSection
	GlobalSection(ExtensibilityGlobals) = postSolution
		SolutionGuid = {36D22286-7622-4ACD-A8D6-AC8BE2A8AD74}
	EndGlobalSection
EndGlobal
